github.com/go-gorp/gorp/v3 v3.1.0 h1:ItKF/Vbuj31dmV4jxA1qblpSwkl9g1typ24xoe70IGs=
github.com/go-gorp/gorp/v3 v3.1.0/go.mod h1:dLEjIyyRNiXvNZ8PSmzpt1GsWAUK8kjVhEpjH8TixEw=
github.com/rubenv/sql-migrate v1.8.1 h1:EPNwCvjAowHI3TnZ+4fQu3a915OpnQoPAjTXCGOy2U0=
github.com/rubenv/sql-migrate v1.8.1/go.mod h1:BTIKBORjzyxZDS6dzoiw6eAFYJ1iNlGAtjn4LGeVjS8=
